
Microsoft Visual Studio Solution File, Format Version 12.00
# Visual Studio Version 17
VisualStudioVersion = 17.3.32929.385
MinimumVisualStudioVersion = 10.0.40219.1
Project("{FAE04EC0-301F-11D3-BF4B-00C04F79EFBC}") = "CustomHashTable", "CustomHashTable\CustomHashTable.csproj", "{EF296F54-1E51-4B2C-8DDF-4D66955E6429}"
EndProject
Project("{FAE04EC0-301F-11D3-BF4B-00C04F79EFBC}") = "CustomHashTable.UnitTest", "CustomHashTable.UnitTest\CustomHashTable.UnitTest.csproj", "{8A96AF72-195B-4C7F-B0E0-56B91274D005}"
EndProject
Global
	GlobalSection(SolutionConfigurationPlatforms) = preSolution
		Debug|Any CPU = Debug|Any CPU
		Release|Any CPU = Release|Any CPU
	EndGlobalSection
	GlobalSection(ProjectConfigurationPlatforms) = postSolution
		{EF296F54-1E51-4B2C-8DDF-4D66955E6429}.Debug|Any CPU.ActiveCfg = Debug|Any CPU
		{EF296F54-1E51-4B2C-8DDF-4D66955E6429}.Debug|Any CPU.Build.0 = Debug|Any CPU
		{EF296F54-1E51-4B2C-8DDF-4D66955E6429}.Release|Any CPU.ActiveCfg = Release|Any CPU
		{EF296F54-1E51-4B2C-8DDF-4D66955E6429}.Release|Any CPU.Build.0 = Release|Any CPU
		{8A96AF72-195B-4C7F-B0E0-56B91274D005}.Debug|Any CPU.ActiveCfg = Debug|Any CPU
		{8A96AF72-195B-4C7F-B0E0-56B91274D005}.Debug|Any CPU.Build.0 = Debug|Any CPU
		{8A96AF72-195B-4C7F-B0E0-56B91274D005}.Release|Any CPU.ActiveCfg = Release|Any CPU
		{8A96AF72-195B-4C7F-B0E0-56B91274D005}.Release|Any CPU.Build.0 = Release|Any CPU
	EndGlobalSection
	GlobalSection(SolutionProperties) = preSolution
		HideSolutionNode = FALSE
	EndGlobalSection
	GlobalSection(ExtensibilityGlobals) = postSolution
		SolutionGuid = {23667FB4-8258-4D40-85B4-AAD9B762EF5A}
	EndGlobalSection
EndGlobal
